
Microsoft Visual Studio Solution File, Format Version 12.00
# Visual Studio Version 17
VisualStudioVersion = 17.3.32929.385
MinimumVisualStudioVersion = 10.0.40219.1
Project("{FAE04EC0-301F-11D3-BF4B-00C04F79EFBC}") = "Strings", "Stings\Strings.csproj", "{885C989A-2AA7-483A-BCAA-479E52DD5348}"
EndProject
Global
	GlobalSection(SolutionConfigurationPlatforms) = preSolution
		Debug|Any CPU = Debug|Any CPU
		Release|Any CPU = Release|Any CPU
	EndGlobalSection
	GlobalSection(ProjectConfigurationPlatforms) = postSolution
		{885C989A-2AA7-483A-BCAA-479E52DD5348}.Debug|Any CPU.ActiveCfg = Debug|Any CPU
		{885C989A-2AA7-483A-BCAA-479E52DD5348}.Debug|Any CPU.Build.0 = Debug|Any CPU
		{885C989A-2AA7-483A-BCAA-479E52DD5348}.Release|Any CPU.ActiveCfg = Release|Any CPU
		{885C989A-2AA7-483A-BCAA-479E52DD5348}.Release|Any CPU.Build.0 = Release|Any CPU
	EndGlobalSection
	GlobalSection(SolutionProperties) = preSolution
		HideSolutionNode = FALSE
	EndGlobalSection
	GlobalSection(ExtensibilityGlobals) = postSolution
		SolutionGuid = {8540B887-27FF-4786-B5E3-9BF37AE8F4E7}
	EndGlobalSection
EndGlobal
